
Microsoft Visual Studio Solution File, Format Version 12.00
# Visual Studio 15
VisualStudioVersion = 15.0.28307.757
MinimumVisualStudioVersion = 10.0.40219.1
Project("{FAE04EC0-301F-11D3-BF4B-00C04F79EFBC}") = "finalProject", "finalProject\finalProject.csproj", "{0540054C-D3CB-4730-A44B-DDA7A29F8530}"
EndProject
Global
	GlobalSection(SolutionConfigurationPlatforms) = preSolution
		Debug|Any CPU = Debug|Any CPU
		Release|Any CPU = Release|Any CPU
	EndGlobalSection
	GlobalSection(ProjectConfigurationPlatforms) = postSolution
		{0540054C-D3CB-4730-A44B-DDA7A29F8530}.Debug|Any CPU.ActiveCfg = Debug|Any CPU
		{0540054C-D3CB-4730-A44B-DDA7A29F8530}.Debug|Any CPU.Build.0 = Debug|Any CPU
		{0540054C-D3CB-4730-A44B-DDA7A29F8530}.Release|Any CPU.ActiveCfg = Release|Any CPU
		{0540054C-D3CB-4730-A44B-DDA7A29F8530}.Release|Any CPU.Build.0 = Release|Any CPU
	EndGlobalSection
	GlobalSection(SolutionProperties) = preSolution
		HideSolutionNode = FALSE
	EndGlobalSection
	GlobalSection(ExtensibilityGlobals) = postSolution
		SolutionGuid = {E6F874AA-22D4-41E3-8132-0F5353F98B77}
	EndGlobalSection
EndGlobal
